// !$*UTF8*$!
{
	archiveVersion = 1;
	classes = {
	};
	objectVersion = 46;
	objects = {

/* Begin PBXBuildFile section */
		6E62D11D1CCA8B7F00395958 /* AppDelegate.swift in Sources */ = {isa = PBXBuildFile; fileRef = 6E62D11C1CCA8B7F00395958 /* AppDelegate.swift */; };
		6E62D1221CCA8B7F00395958 /* Main.storyboard in Resources */ = {isa = PBXBuildFile; fileRef = 6E62D1201CCA8B7F00395958 /* Main.storyboard */; };
		6E62D1241CCA8B7F00395958 /* Assets.xcassets in Resources */ = {isa = PBXBuildFile; fileRef = 6E62D1231CCA8B7F00395958 /* Assets.xcassets */; };
		6E62D1271CCA8B7F00395958 /* LaunchScreen.storyboard in Resources */ = {isa = PBXBuildFile; fileRef = 6E62D1251CCA8B7F00395958 /* LaunchScreen.storyboard */; };
		6E62D1321CCA8B7F00395958 /* PizzaAppTests.swift in Sources */ = {isa = PBXBuildFile; fileRef = 6E62D1311CCA8B7F00395958 /* PizzaAppTests.swift */; };
		6E62D13D1CCA8B8F00395958 /* pizzas.json in Resources */ = {isa = PBXBuildFile; fileRef = 6E62D13C1CCA8B8F00395958 /* pizzas.json */; };
		6E62D13F1CCA8CBA00395958 /* OrdersCollectionViewController.swift in Sources */ = {isa = PBXBuildFile; fileRef = 6E62D13E1CCA8CBA00395958 /* OrdersCollectionViewController.swift */; };
		6E62D1411CCA8D3300395958 /* OrdersCollectionViewCell.swift in Sources */ = {isa = PBXBuildFile; fileRef = 6E62D1401CCA8D3300395958 /* OrdersCollectionViewCell.swift */; };
		6E62D1451CCA90BA00395958 /* OrderHelper.swift in Sources */ = {isa = PBXBuildFile; fileRef = 6E62D1441CCA90BA00395958 /* OrderHelper.swift */; };
/* End PBXBuildFile section */

/* Begin PBXContainerItemProxy section */
		6E62D12E1CCA8B7F00395958 /* PBXContainerItemProxy */ = {
			isa = PBXContainerItemProxy;
			containerPortal = 6E62D1111CCA8B7F00395958 /* Project object */;
			proxyType = 1;
			remoteGlobalIDString = 6E62D1181CCA8B7F00395958;
			remoteInfo = PizzaApp;
		};
/* End PBXContainerItemProxy section */

/* Begin PBXFileReference section */
		6E62D1191CCA8B7F00395958 /* PizzaApp.app */ = {isa = PBXFileReference; explicitFileType = wrapper.application; includeInIndex = 0; path = PizzaApp.app; sourceTree = BUILT_PRODUCTS_DIR; };
		6E62D11C1CCA8B7F00395958 /* AppDelegate.swift */ = {isa = PBXFileReference; lastKnownFileType = sourcecode.swift; path = AppDelegate.swift; sourceTree = "<group>"; };
		6E62D1211CCA8B7F00395958 /* Base */ = {isa = PBXFileReference; lastKnownFileType = file.storyboard; name = Base; path = Base.lproj/Main.storyboard; sourceTree = "<group>"; };
		6E62D1231CCA8B7F00395958 /* Assets.xcassets */ = {isa = PBXFileReference; lastKnownFileType = folder.assetcatalog; path = Assets.xcassets; sourceTree = "<group>"; };
		6E62D1261CCA8B7F00395958 /* Base */ = {isa = PBXFileReference; lastKnownFileType = file.storyboard; name = Base; path = Base.lproj/LaunchScreen.storyboard; sourceTree = "<group>"; };
		6E62D1281CCA8B7F00395958 /* Info.plist */ = {isa = PBXFileReference; lastKnownFileType = text.plist.xml; path = Info.plist; sourceTree = "<group>"; };
		6E62D12D1CCA8B7F00395958 /* PizzaAppTests.xctest */ = {isa = PBXFileReference; explicitFileType = wrapper.cfbundle; includeInIndex = 0; path = PizzaAppTests.xctest; sourceTree = BUILT_PRODUCTS_DIR; };
		6E62D1311CCA8B7F00395958 /* PizzaAppTests.swift */ = {isa = PBXFileReference; lastKnownFileType = sourcecode.swift; path = PizzaAppTests.swift; sourceTree = "<group>"; };
		6E62D1331CCA8B7F00395958 /* Info.plist */ = {isa = PBXFileReference; lastKnownFileType = text.plist.xml; path = Info.plist; sourceTree = "<group>"; };
		6E62D13C1CCA8B8F00395958 /* pizzas.json */ = {isa = PBXFileReference; fileEncoding = 4; lastKnownFileType = text.json; path = pizzas.json; sourceTree = "<group>"; };
		6E62D13E1CCA8CBA00395958 /* OrdersCollectionViewController.swift */ = {isa = PBXFileReference; fileEncoding = 4; lastKnownFileType = sourcecode.swift; path = OrdersCollectionViewController.swift; sourceTree = "<group>"; };
		6E62D1401CCA8D3300395958 /* OrdersCollectionViewCell.swift */ = {isa = PBXFileReference; fileEncoding = 4; lastKnownFileType = sourcecode.swift; path = OrdersCollectionViewCell.swift; sourceTree = "<group>"; };
		6E62D1441CCA90BA00395958 /* OrderHelper.swift */ = {isa = PBXFileReference; fileEncoding = 4; lastKnownFileType = sourcecode.swift; path = OrderHelper.swift; sourceTree = "<group>"; };
/* End PBXFileReference section */

/* Begin PBXFrameworksBuildPhase section */
		6E62D1161CCA8B7F00395958 /* Frameworks */ = {
			isa = PBXFrameworksBuildPhase;
			buildActionMask = 2147483647;
			files = (
			);
			runOnlyForDeploymentPostprocessing = 0;
		};
		6E62D12A1CCA8B7F00395958 /* Frameworks */ = {
			isa = PBXFrameworksBuildPhase;
			buildActionMask = 2147483647;
			files = (
			);
			runOnlyForDeploymentPostprocessing = 0;
		};
/* End PBXFrameworksBuildPhase section */

/* Begin PBXGroup section */
		6E62D1101CCA8B7F00395958 = {
			isa = PBXGroup;
			children = (
				6E62D11B1CCA8B7F00395958 /* PizzaApp */,
				6E62D1301CCA8B7F00395958 /* PizzaAppTests */,
				6E62D11A1CCA8B7F00395958 /* Products */,
			);
			sourceTree = "<group>";
		};
		6E62D11A1CCA8B7F00395958 /* Products */ = {
			isa = PBXGroup;
			children = (
				6E62D1191CCA8B7F00395958 /* PizzaApp.app */,
				6E62D12D1CCA8B7F00395958 /* PizzaAppTests.xctest */,
			);
			name = Products;
			sourceTree = "<group>";
		};
		6E62D11B1CCA8B7F00395958 /* PizzaApp */ = {
			isa = PBXGroup;
			children = (
				6E62D11C1CCA8B7F00395958 /* AppDelegate.swift */,
				6E62D1201CCA8B7F00395958 /* Main.storyboard */,
				6E62D1231CCA8B7F00395958 /* Assets.xcassets */,
				6E62D1251CCA8B7F00395958 /* LaunchScreen.storyboard */,
				6E62D1281CCA8B7F00395958 /* Info.plist */,
				6E62D13C1CCA8B8F00395958 /* pizzas.json */,
				6E62D13E1CCA8CBA00395958 /* OrdersCollectionViewController.swift */,
				6E62D1401CCA8D3300395958 /* OrdersCollectionViewCell.swift */,
				6E62D1441CCA90BA00395958 /* OrderHelper.swift */,
			);
			path = PizzaApp;
			sourceTree = "<group>";
		};
		6E62D1301CCA8B7F00395958 /* PizzaAppTests */ = {
			isa = PBXGroup;
			children = (
				6E62D1311CCA8B7F00395958 /* PizzaAppTests.swift */,
				6E62D1331CCA8B7F00395958 /* Info.plist */,
			);
			path = PizzaAppTests;
			sourceTree = "<group>";
		};
/* End PBXGroup section */

/* Begin PBXNativeTarget section */
		6E62D1181CCA8B7F00395958 /* PizzaApp */ = {
			isa = PBXNativeTarget;
			buildConfigurationList = 6E62D1361CCA8B7F00395958 /* Build configuration list for PBXNativeTarget "PizzaApp" */;
			buildPhases = (
				6E62D1151CCA8B7F00395958 /* Sources */,
				6E62D1161CCA8B7F00395958 /* Frameworks */,
				6E62D1171CCA8B7F00395958 /* Resources */,
			);
			buildRules = (
			);
			dependencies = (
			);
			name = PizzaApp;
			productName = PizzaApp;
			productReference = 6E62D1191CCA8B7F00395958 /* PizzaApp.app */;
			productType = "com.apple.product-type.application";
		};
		6E62D12C1CCA8B7F00395958 /* PizzaAppTests */ = {
			isa = PBXNativeTarget;
			buildConfigurationList = 6E62D1391CCA8B7F00395958 /* Build configuration list for PBXNativeTarget "PizzaAppTests" */;
			buildPhases = (
				6E62D1291CCA8B7F00395958 /* Sources */,
				6E62D12A1CCA8B7F00395958 /* Frameworks */,
				6E62D12B1CCA8B7F00395958 /* Resources */,
			);
			buildRules = (
			);
			dependencies = (
				6E62D12F1CCA8B7F00395958 /* PBXTargetDependency */,
			);
			name = PizzaAppTests;
			productName = PizzaAppTests;
			productReference = 6E62D12D1CCA8B7F00395958 /* PizzaAppTests.xctest */;
			productType = "com.apple.product-type.bundle.unit-test";
		};
/* End PBXNativeTarget section */

/* Begin PBXProject section */
		6E62D1111CCA8B7F00395958 /* Project object */ = {
			isa = PBXProject;
			attributes = {
				LastSwiftUpdateCheck = 0730;
				LastUpgradeCheck = 0730;
				ORGANIZATIONNAME = MCS;
				TargetAttributes = {
					6E62D1181CCA8B7F00395958 = {
						CreatedOnToolsVersion = 7.3;
					};
					6E62D12C1CCA8B7F00395958 = {
						CreatedOnToolsVersion = 7.3;
						DevelopmentTeam = RAKE6MFKA7;
						TestTargetID = 6E62D1181CCA8B7F00395958;
					};
				};
			};
			buildConfigurationList = 6E62D1141CCA8B7F00395958 /* Build configuration list for PBXProject "PizzaApp" */;
			compatibilityVersion = "Xcode 3.2";
			developmentRegion = English;
			hasScannedForEncodings = 0;
			knownRegions = (
				en,
				Base,
			);
			mainGroup = 6E62D1101CCA8B7F00395958;
			productRefGroup = 6E62D11A1CCA8B7F00395958 /* Products */;
			projectDirPath = "";
			projectRoot = "";
			targets = (
				6E62D1181CCA8B7F00395958 /* PizzaApp */,
				6E62D12C1CCA8B7F00395958 /* PizzaAppTests */,
			);
		};
/* End PBXProject section */

/* Begin PBXResourcesBuildPhase section */
		6E62D1171CCA8B7F00395958 /* Resources */ = {
			isa = PBXResourcesBuildPhase;
			buildActionMask = 2147483647;
			files = (
				6E62D13D1CCA8B8F00395958 /* pizzas.json in Resources */,
				6E62D1271CCA8B7F00395958 /* LaunchScreen.storyboard in Resources */,
				6E62D1241CCA8B7F00395958 /* Assets.xcassets in Resources */,
				6E62D1221CCA8B7F00395958 /* Main.storyboard in Resources */,
			);
			runOnlyForDeploymentPostprocessing = 0;
		};
		6E62D12B1CCA8B7F00395958 /* Resources */ = {
			isa = PBXResourcesBuildPhase;
			buildActionMask = 2147483647;
			files = (
			);
			runOnlyForDeploymentPostprocessing = 0;
		};
/* End PBXResourcesBuildPhase section */

/* Begin PBXSourcesBuildPhase section */
		6E62D1151CCA8B7F00395958 /* Sources */ = {
			isa = PBXSourcesBuildPhase;
			buildActionMask = 2147483647;
			files = (
				6E62D11D1CCA8B7F00395958 /* AppDelegate.swift in Sources */,
				6E62D1451CCA90BA00395958 /* OrderHelper.swift in Sources */,
				6E62D13F1CCA8CBA00395958 /* OrdersCollectionViewController.swift in Sources */,
				6E62D1411CCA8D3300395958 /* OrdersCollectionViewCell.swift in Sources */,
			);
			runOnlyForDeploymentPostprocessing = 0;
		};
		6E62D1291CCA8B7F00395958 /* Sources */ = {
			isa = PBXSourcesBuildPhase;
			buildActionMask = 2147483647;
			files = (
				6E62D1321CCA8B7F00395958 /* PizzaAppTests.swift in Sources */,
			);
			runOnlyForDeploymentPostprocessing = 0;
		};
/* End PBXSourcesBuildPhase section */

/* Begin PBXTargetDependency section */
		6E62D12F1CCA8B7F00395958 /* PBXTargetDependency */ = {
			isa = PBXTargetDependency;
			target = 6E62D1181CCA8B7F00395958 /* PizzaApp */;
			targetProxy = 6E62D12E1CCA8B7F00395958 /* PBXContainerItemProxy */;
		};
/* End PBXTargetDependency section */

/* Begin PBXVariantGroup section */
		6E62D1201CCA8B7F00395958 /* Main.storyboard */ = {
			isa = PBXVariantGroup;
			children = (
				6E62D1211CCA8B7F00395958 /* Base */,
			);
			name = Main.storyboard;
			sourceTree = "<group>";
		};
		6E62D1251CCA8B7F00395958 /* LaunchScreen.storyboard */ = {
			isa = PBXVariantGroup;
			children = (
				6E62D1261CCA8B7F00395958 /* Base */,
			);
			name = LaunchScreen.storyboard;
			sourceTree = "<group>";
		};
/* End PBXVariantGroup section */

/* Begin XCBuildConfiguration section */
		6E62D1341CCA8B7F00395958 /* Debug */ = {
			isa = XCBuildConfiguration;
			buildSettings = {
				ALWAYS_SEARCH_USER_PATHS = NO;
				CLANG_ANALYZER_NONNULL = YES;
				CLANG_CXX_LANGUAGE_STANDARD = "gnu++0x";
				CLANG_CXX_LIBRARY = "libc++";
				CLANG_ENABLE_MODULES = YES;
				CLANG_ENABLE_OBJC_ARC = YES;
				CLANG_WARN_BOOL_CONVERSION = YES;
				CLANG_WARN_CONSTANT_CONVERSION = YES;
				CLANG_WARN_DIRECT_OBJC_ISA_USAGE = YES_ERROR;
				CLANG_WARN_EMPTY_BODY = YES;
				CLANG_WARN_ENUM_CONVERSION = YES;
				CLANG_WARN_INT_CONVERSION = YES;
				CLANG_WARN_OBJC_ROOT_CLASS = YES_ERROR;
				CLANG_WARN_UNREACHABLE_CODE = YES;
				CLANG_WARN__DUPLICATE_METHOD_MATCH = YES;
				"CODE_SIGN_IDENTITY[sdk=iphoneos*]" = "iPhone Developer";
				COPY_PHASE_STRIP = NO;
				DEBUG_INFORMATION_FORMAT = dwarf;
				ENABLE_STRICT_OBJC_MSGSEND = YES;
				ENABLE_TESTABILITY = YES;
				GCC_C_LANGUAGE_STANDARD = gnu99;
				GCC_DYNAMIC_NO_PIC = NO;
				GCC_NO_COMMON_BLOCKS = YES;
				GCC_OPTIMIZATION_LEVEL = 0;
				GCC_PREPROCESSOR_DEFINITIONS = (
					"DEBUG=1",
					"$(inherited)",
				);
				GCC_WARN_64_TO_32_BIT_CONVERSION = YES;
				GCC_WARN_ABOUT_RETURN_TYPE = YES_ERROR;
				GCC_WARN_UNDECLARED_SELECTOR = YES;
				GCC_WARN_UNINITIALIZED_AUTOS = YES_AGGRESSIVE;
				GCC_WARN_UNUSED_FUNCTION = YES;
				GCC_WARN_UNUSED_VARIABLE = YES;
				IPHONEOS_DEPLOYMENT_TARGET = 9.3;
				MTL_ENABLE_DEBUG_INFO = YES;
				ONLY_ACTIVE_ARCH = YES;
				SDKROOT = iphoneos;
				SWIFT_OPTIMIZATION_LEVEL = "-Onone";
			};
			name = Debug;
		};
		6E62D1351CCA8B7F00395958 /* Release */ = {
			isa = XCBuildConfiguration;
			buildSettings = {
				ALWAYS_SEARCH_USER_PATHS = NO;
				CLANG_ANALYZER_NONNULL = YES;
				CLANG_CXX_LANGUAGE_STANDARD = "gnu++0x";
				CLANG_CXX_LIBRARY = "libc++";
				CLANG_ENABLE_MODULES = YES;
				CLANG_ENABLE_OBJC_ARC = YES;
				CLANG_WARN_BOOL_CONVERSION = YES;
				CLANG_WARN_CONSTANT_CONVERSION = YES;
				CLANG_WARN_DIRECT_OBJC_ISA_USAGE = YES_ERROR;
				CLANG_WARN_EMPTY_BODY = YES;
				CLANG_WARN_ENUM_CONVERSION = YES;
				CLANG_WARN_INT_CONVERSION = YES;
				CLANG_WARN_OBJC_ROOT_CLASS = YES_ERROR;
				CLANG_WARN_UNREACHABLE_CODE = YES;
				CLANG_WARN__DUPLICATE_METHOD_MATCH = YES;
				"CODE_SIGN_IDENTITY[sdk=iphoneos*]" = "iPhone Developer";
				COPY_PHASE_STRIP = NO;
				DEBUG_INFORMATION_FORMAT = "dwarf-with-dsym";
				ENABLE_NS_ASSERTIONS = NO;
				ENABLE_STRICT_OBJC_MSGSEND = YES;
				GCC_C_LANGUAGE_STANDARD = gnu99;
				GCC_NO_COMMON_BLOCKS = YES;
				GCC_WARN_64_TO_32_BIT_CONVERSION = YES;
				GCC_WARN_ABOUT_RETURN_TYPE = YES_ERROR;
				GCC_WARN_UNDECLARED_SELECTOR = YES;
				GCC_WARN_UNINITIALIZED_AUTOS = YES_AGGRESSIVE;
				GCC_WARN_UNUSED_FUNCTION = YES;
				GCC_WARN_UNUSED_VARIABLE = YES;
				IPHONEOS_DEPLOYMENT_TARGET = 9.3;
				MTL_ENABLE_DEBUG_INFO = NO;
				SDKROOT = iphoneos;
				VALIDATE_PRODUCT = YES;
			};
			name = Release;
		};
		6E62D1371CCA8B7F00395958 /* Debug */ = {
			isa = XCBuildConfiguration;
			buildSettings = {
				ASSETCATALOG_COMPILER_APPICON_NAME = AppIcon;
				CODE_SIGN_IDENTITY = "iPhone Developer";
				INFOPLIST_FILE = PizzaApp/Info.plist;
				LD_RUNPATH_SEARCH_PATHS = "$(inherited) @executable_path/Frameworks";
				PRODUCT_BUNDLE_IDENTIFIER = com.juan.PizzaApp;
				PRODUCT_NAME = "$(TARGET_NAME)";
			};
			name = Debug;
		};
		6E62D1381CCA8B7F00395958 /* Release */ = {
			isa = XCBuildConfiguration;
			buildSettings = {
				ASSETCATALOG_COMPILER_APPICON_NAME = AppIcon;
				CODE_SIGN_IDENTITY = "iPhone Developer";
				INFOPLIST_FILE = PizzaApp/Info.plist;
				LD_RUNPATH_SEARCH_PATHS = "$(inherited) @executable_path/Frameworks";
				PRODUCT_BUNDLE_IDENTIFIER = com.juan.PizzaApp;
				PRODUCT_NAME = "$(TARGET_NAME)";
			};
			name = Release;
		};
		6E62D13A1CCA8B7F00395958 /* Debug */ = {
			isa = XCBuildConfiguration;
			buildSettings = {
				BUNDLE_LOADER = "$(TEST_HOST)";
				INFOPLIST_FILE = PizzaAppTests/Info.plist;
				LD_RUNPATH_SEARCH_PATHS = "$(inherited) @executable_path/Frameworks @loader_path/Frameworks";
				PRODUCT_BUNDLE_IDENTIFIER = com.mcs.PizzaAppTests;
				PRODUCT_NAME = "$(TARGET_NAME)";
				TEST_HOST = "$(BUILT_PRODUCTS_DIR)/PizzaApp.app/PizzaApp";
			};
			name = Debug;
		};
		6E62D13B1CCA8B7F00395958 /* Release */ = {
			isa = XCBuildConfiguration;
			buildSettings = {
				BUNDLE_LOADER = "$(TEST_HOST)";
				INFOPLIST_FILE = PizzaAppTests/Info.plist;
				LD_RUNPATH_SEARCH_PATHS = "$(inherited) @executable_path/Frameworks @loader_path/Frameworks";
				PRODUCT_BUNDLE_IDENTIFIER = com.mcs.PizzaAppTests;
				PRODUCT_NAME = "$(TARGET_NAME)";
				TEST_HOST = "$(BUILT_PRODUCTS_DIR)/PizzaApp.app/PizzaApp";
			};
			name = Release;
		};
/* End XCBuildConfiguration section */

/* Begin XCConfigurationList section */
		6E62D1141CCA8B7F00395958 /* Build configuration list for PBXProject "PizzaApp" */ = {
			isa = XCConfigurationList;
			buildConfigurations = (
				6E62D1341CCA8B7F00395958 /* Debug */,
				6E62D1351CCA8B7F00395958 /* Release */,
			);
			defaultConfigurationIsVisible = 0;
			defaultConfigurationName = Release;
		};
		6E62D1361CCA8B7F00395958 /* Build configuration list for PBXNativeTarget "PizzaApp" */ = {
			isa = XCConfigurationList;
			buildConfigurations = (
				6E62D1371CCA8B7F00395958 /* Debug */,
				6E62D1381CCA8B7F00395958 /* Release */,
			);
			defaultConfigurationIsVisible = 0;
			defaultConfigurationName = Release;
		};
		6E62D1391CCA8B7F00395958 /* Build configuration list for PBXNativeTarget "PizzaAppTests" */ = {
			isa = XCConfigurationList;
			buildConfigurations = (
				6E62D13A1CCA8B7F00395958 /* Debug */,
				6E62D13B1CCA8B7F00395958 /* Release */,
			);
			defaultConfigurationIsVisible = 0;
			defaultConfigurationName = Release;
		};
/* End XCConfigurationList section */
	};
	rootObject = 6E62D1111CCA8B7F00395958 /* Project object */;
}
